
Microsoft Visual Studio Solution File, Format Version 12.00
# Visual Studio Version 16
VisualStudioVersion = 16.0.30907.101
MinimumVisualStudioVersion = 10.0.40219.1
Project("{FAE04EC0-301F-11D3-BF4B-00C04F79EFBC}") = "Task70", "Task70\Task70.csproj", "{45270330-F65A-4522-9C16-07E3E408D57F}"
EndProject
Global
	GlobalSection(SolutionConfigurationPlatforms) = preSolution
		Debug|Any CPU = Debug|Any CPU
		Release|Any CPU = Release|Any CPU
	EndGlobalSection
	GlobalSection(ProjectConfigurationPlatforms) = postSolution
		{45270330-F65A-4522-9C16-07E3E408D57F}.Debug|Any CPU.ActiveCfg = Debug|Any CPU
		{45270330-F65A-4522-9C16-07E3E408D57F}.Debug|Any CPU.Build.0 = Debug|Any CPU
		{45270330-F65A-4522-9C16-07E3E408D57F}.Release|Any CPU.ActiveCfg = Release|Any CPU
		{45270330-F65A-4522-9C16-07E3E408D57F}.Release|Any CPU.Build.0 = Release|Any CPU
	EndGlobalSection
	GlobalSection(SolutionProperties) = preSolution
		HideSolutionNode = FALSE
	EndGlobalSection
	GlobalSection(ExtensibilityGlobals) = postSolution
		SolutionGuid = {02E61C0C-4F09-4C3D-BDC7-7A64BF09E84A}
	EndGlobalSection
EndGlobal
