
Microsoft Visual Studio Solution File, Format Version 12.00
# Visual Studio Version 16
VisualStudioVersion = 16.0.30907.101
MinimumVisualStudioVersion = 10.0.40219.1
Project("{FAE04EC0-301F-11D3-BF4B-00C04F79EFBC}") = "Task110", "Task110\Task110.csproj", "{E4F62DFA-28CC-493F-938B-2425AA7F9748}"
EndProject
Global
	GlobalSection(SolutionConfigurationPlatforms) = preSolution
		Debug|Any CPU = Debug|Any CPU
		Release|Any CPU = Release|Any CPU
	EndGlobalSection
	GlobalSection(ProjectConfigurationPlatforms) = postSolution
		{E4F62DFA-28CC-493F-938B-2425AA7F9748}.Debug|Any CPU.ActiveCfg = Debug|Any CPU
		{E4F62DFA-28CC-493F-938B-2425AA7F9748}.Debug|Any CPU.Build.0 = Debug|Any CPU
		{E4F62DFA-28CC-493F-938B-2425AA7F9748}.Release|Any CPU.ActiveCfg = Release|Any CPU
		{E4F62DFA-28CC-493F-938B-2425AA7F9748}.Release|Any CPU.Build.0 = Release|Any CPU
	EndGlobalSection
	GlobalSection(SolutionProperties) = preSolution
		HideSolutionNode = FALSE
	EndGlobalSection
	GlobalSection(ExtensibilityGlobals) = postSolution
		SolutionGuid = {886E68BE-993D-45E7-8AA1-B6AC13283A94}
	EndGlobalSection
EndGlobal
